
Microsoft Visual Studio Solution File, Format Version 12.00
# Visual Studio 15
VisualStudioVersion = 15.0.28010.2003
MinimumVisualStudioVersion = 10.0.40219.1
Project("{FAE04EC0-301F-11D3-BF4B-00C04F79EFBC}") = "Hello", "Hello\Hello.csproj", "{88FDB929-8242-4839-8320-3D923DD4477F}"
EndProject
Global
	GlobalSection(SolutionConfigurationPlatforms) = preSolution
		Debug|Any CPU = Debug|Any CPU
		Release|Any CPU = Release|Any CPU
	EndGlobalSection
	GlobalSection(ProjectConfigurationPlatforms) = postSolution
		{88FDB929-8242-4839-8320-3D923DD4477F}.Debug|Any CPU.ActiveCfg = Debug|Any CPU
		{88FDB929-8242-4839-8320-3D923DD4477F}.Debug|Any CPU.Build.0 = Debug|Any CPU
		{88FDB929-8242-4839-8320-3D923DD4477F}.Release|Any CPU.ActiveCfg = Release|Any CPU
		{88FDB929-8242-4839-8320-3D923DD4477F}.Release|Any CPU.Build.0 = Release|Any CPU
	EndGlobalSection
	GlobalSection(SolutionProperties) = preSolution
		HideSolutionNode = FALSE
	EndGlobalSection
	GlobalSection(ExtensibilityGlobals) = postSolution
		SolutionGuid = {C444FBBF-4EC3-4F4F-9C57-D38F160670AE}
	EndGlobalSection
EndGlobal
